
Microsoft Visual Studio Solution File, Format Version 12.00
# Visual Studio 15
VisualStudioVersion = 15.0.28307.572
MinimumVisualStudioVersion = 10.0.40219.1
Project("{2150E333-8FDC-42A3-9474-1A3956D46DE8}") = "01-类型安全增强", "01-类型安全增强", "{C9B7D3C7-FA86-4A93-9935-6B89815EDD0A}"
EndProject
Project("{2150E333-8FDC-42A3-9474-1A3956D46DE8}") = "02-标准输入与输出", "02-标准输入与输出", "{42ACC236-3B13-42EC-8636-245BF9700D29}"
EndProject
Project("{8BC9CEB8-8B4A-11D0-8D11-00A0C91BC942}") = "02-逻辑类型bool", "01-类型安全增强\02-逻辑类型bool\02-逻辑类型bool.vcxproj", "{E8BF0ED1-0F15-4574-9000-8AEC60171CFC}"
EndProject
Project("{8BC9CEB8-8B4A-11D0-8D11-00A0C91BC942}") = "03-真正的枚举", "01-类型安全增强\03-真正的枚举\03-真正的枚举.vcxproj", "{7DCF0C1C-0DD5-4CDF-85DB-0FE11050EA87}"
EndProject
Project("{8BC9CEB8-8B4A-11D0-8D11-00A0C91BC942}") = "04-可被赋值的表达式", "01-类型安全增强\04-可被赋值的表达式\04-可被赋值的表达式.vcxproj", "{F28A60AF-F09B-4668-8D78-06610E559664}"
EndProject
Project("{8BC9CEB8-8B4A-11D0-8D11-00A0C91BC942}") = "05-nullptr(C++11)", "01-类型安全增强\05-nullptr(C++11)\05-nullptr(C++11).vcxproj", "{98B855D7-7159-4BA7-8A53-9FEA264DC103}"
EndProject
Project("{8BC9CEB8-8B4A-11D0-8D11-00A0C91BC942}") = "01-严格的类型检查", "01-类型安全增强\01-严格的类型检查\01-严格的类型检查.vcxproj", "{C31157CA-3667-46DB-99FC-9865ED4FE1FE}"
EndProject
Project("{8BC9CEB8-8B4A-11D0-8D11-00A0C91BC942}") = "01-cin标准输入 cout标准输出", "02-标准输入与输出\01-cin标准输入 cout标准输出\01-cin标准输入 cout标准输出.vcxproj", "{DD46F0BE-0F8D-4482-87D9-9783FEB73698}"
EndProject
Project("{8BC9CEB8-8B4A-11D0-8D11-00A0C91BC942}") = "02-进制输出", "02-标准输入与输出\02-进制输出\02-进制输出.vcxproj", "{3789E44C-E592-4BD9-873F-9C2A87C0D515}"
EndProject
Project("{8BC9CEB8-8B4A-11D0-8D11-00A0C91BC942}") = "03-域宽-对齐-填充", "02-标准输入与输出\03-域宽-对齐-填充\03-域宽-对齐-填充.vcxproj", "{FE380BA3-E4C6-43F4-8C25-A66CE30DF2EB}"
EndProject
Project("{8BC9CEB8-8B4A-11D0-8D11-00A0C91BC942}") = "04-设置浮点数精度", "02-标准输入与输出\04-设置浮点数精度\04-设置浮点数精度.vcxproj", "{4CE402F3-CBF9-46D6-A575-0A6C404393A0}"
EndProject
Global
	GlobalSection(SolutionConfigurationPlatforms) = preSolution
		Debug|x64 = Debug|x64
		Debug|x86 = Debug|x86
		Release|x64 = Release|x64
		Release|x86 = Release|x86
	EndGlobalSection
	GlobalSection(ProjectConfigurationPlatforms) = postSolution
		{E8BF0ED1-0F15-4574-9000-8AEC60171CFC}.Debug|x64.ActiveCfg = Debug|x64
		{E8BF0ED1-0F15-4574-9000-8AEC60171CFC}.Debug|x64.Build.0 = Debug|x64
		{E8BF0ED1-0F15-4574-9000-8AEC60171CFC}.Debug|x86.ActiveCfg = Debug|Win32
		{E8BF0ED1-0F15-4574-9000-8AEC60171CFC}.Debug|x86.Build.0 = Debug|Win32
		{E8BF0ED1-0F15-4574-9000-8AEC60171CFC}.Release|x64.ActiveCfg = Release|x64
		{E8BF0ED1-0F15-4574-9000-8AEC60171CFC}.Release|x64.Build.0 = Release|x64
		{E8BF0ED1-0F15-4574-9000-8AEC60171CFC}.Release|x86.ActiveCfg = Release|Win32
		{E8BF0ED1-0F15-4574-9000-8AEC60171CFC}.Release|x86.Build.0 = Release|Win32
		{7DCF0C1C-0DD5-4CDF-85DB-0FE11050EA87}.Debug|x64.ActiveCfg = Debug|x64
		{7DCF0C1C-0DD5-4CDF-85DB-0FE11050EA87}.Debug|x64.Build.0 = Debug|x64
		{7DCF0C1C-0DD5-4CDF-85DB-0FE11050EA87}.Debug|x86.ActiveCfg = Debug|Win32
		{7DCF0C1C-0DD5-4CDF-85DB-0FE11050EA87}.Debug|x86.Build.0 = Debug|Win32
		{7DCF0C1C-0DD5-4CDF-85DB-0FE11050EA87}.Release|x64.ActiveCfg = Release|x64
		{7DCF0C1C-0DD5-4CDF-85DB-0FE11050EA87}.Release|x64.Build.0 = Release|x64
		{7DCF0C1C-0DD5-4CDF-85DB-0FE11050EA87}.Release|x86.ActiveCfg = Release|Win32
		{7DCF0C1C-0DD5-4CDF-85DB-0FE11050EA87}.Release|x86.Build.0 = Release|Win32
		{F28A60AF-F09B-4668-8D78-06610E559664}.Debug|x64.ActiveCfg = Debug|x64
		{F28A60AF-F09B-4668-8D78-06610E559664}.Debug|x64.Build.0 = Debug|x64
		{F28A60AF-F09B-4668-8D78-06610E559664}.Debug|x86.ActiveCfg = Debug|Win32
		{F28A60AF-F09B-4668-8D78-06610E559664}.Debug|x86.Build.0 = Debug|Win32
		{F28A60AF-F09B-4668-8D78-06610E559664}.Release|x64.ActiveCfg = Release|x64
		{F28A60AF-F09B-4668-8D78-06610E559664}.Release|x64.Build.0 = Release|x64
		{F28A60AF-F09B-4668-8D78-06610E559664}.Release|x86.ActiveCfg = Release|Win32
		{F28A60AF-F09B-4668-8D78-06610E559664}.Release|x86.Build.0 = Release|Win32
		{98B855D7-7159-4BA7-8A53-9FEA264DC103}.Debug|x64.ActiveCfg = Debug|x64
		{98B855D7-7159-4BA7-8A53-9FEA264DC103}.Debug|x64.Build.0 = Debug|x64
		{98B855D7-7159-4BA7-8A53-9FEA264DC103}.Debug|x86.ActiveCfg = Debug|Win32
		{98B855D7-7159-4BA7-8A53-9FEA264DC103}.Debug|x86.Build.0 = Debug|Win32
		{98B855D7-7159-4BA7-8A53-9FEA264DC103}.Release|x64.ActiveCfg = Release|x64
		{98B855D7-7159-4BA7-8A53-9FEA264DC103}.Release|x64.Build.0 = Release|x64
		{98B855D7-7159-4BA7-8A53-9FEA264DC103}.Release|x86.ActiveCfg = Release|Win32
		{98B855D7-7159-4BA7-8A53-9FEA264DC103}.Release|x86.Build.0 = Release|Win32
		{C31157CA-3667-46DB-99FC-9865ED4FE1FE}.Debug|x64.ActiveCfg = Debug|x64
		{C31157CA-3667-46DB-99FC-9865ED4FE1FE}.Debug|x64.Build.0 = Debug|x64
		{C31157CA-3667-46DB-99FC-9865ED4FE1FE}.Debug|x86.ActiveCfg = Debug|Win32
		{C31157CA-3667-46DB-99FC-9865ED4FE1FE}.Debug|x86.Build.0 = Debug|Win32
		{C31157CA-3667-46DB-99FC-9865ED4FE1FE}.Release|x64.ActiveCfg = Release|x64
		{C31157CA-3667-46DB-99FC-9865ED4FE1FE}.Release|x64.Build.0 = Release|x64
		{C31157CA-3667-46DB-99FC-9865ED4FE1FE}.Release|x86.ActiveCfg = Release|Win32
		{C31157CA-3667-46DB-99FC-9865ED4FE1FE}.Release|x86.Build.0 = Release|Win32
		{DD46F0BE-0F8D-4482-87D9-9783FEB73698}.Debug|x64.ActiveCfg = Debug|x64
		{DD46F0BE-0F8D-4482-87D9-9783FEB73698}.Debug|x64.Build.0 = Debug|x64
		{DD46F0BE-0F8D-4482-87D9-9783FEB73698}.Debug|x86.ActiveCfg = Debug|Win32
		{DD46F0BE-0F8D-4482-87D9-9783FEB73698}.Debug|x86.Build.0 = Debug|Win32
		{DD46F0BE-0F8D-4482-87D9-9783FEB73698}.Release|x64.ActiveCfg = Release|x64
		{DD46F0BE-0F8D-4482-87D9-9783FEB73698}.Release|x64.Build.0 = Release|x64
		{DD46F0BE-0F8D-4482-87D9-9783FEB73698}.Release|x86.ActiveCfg = Release|Win32
		{DD46F0BE-0F8D-4482-87D9-9783FEB73698}.Release|x86.Build.0 = Release|Win32
		{3789E44C-E592-4BD9-873F-9C2A87C0D515}.Debug|x64.ActiveCfg = Debug|x64
		{3789E44C-E592-4BD9-873F-9C2A87C0D515}.Debug|x64.Build.0 = Debug|x64
		{3789E44C-E592-4BD9-873F-9C2A87C0D515}.Debug|x86.ActiveCfg = Debug|Win32
		{3789E44C-E592-4BD9-873F-9C2A87C0D515}.Debug|x86.Build.0 = Debug|Win32
		{3789E44C-E592-4BD9-873F-9C2A87C0D515}.Release|x64.ActiveCfg = Release|x64
		{3789E44C-E592-4BD9-873F-9C2A87C0D515}.Release|x64.Build.0 = Release|x64
		{3789E44C-E592-4BD9-873F-9C2A87C0D515}.Release|x86.ActiveCfg = Release|Win32
		{3789E44C-E592-4BD9-873F-9C2A87C0D515}.Release|x86.Build.0 = Release|Win32
		{FE380BA3-E4C6-43F4-8C25-A66CE30DF2EB}.Debug|x64.ActiveCfg = Debug|x64
		{FE380BA3-E4C6-43F4-8C25-A66CE30DF2EB}.Debug|x64.Build.0 = Debug|x64
		{FE380BA3-E4C6-43F4-8C25-A66CE30DF2EB}.Debug|x86.ActiveCfg = Debug|Win32
		{FE380BA3-E4C6-43F4-8C25-A66CE30DF2EB}.Debug|x86.Build.0 = Debug|Win32
		{FE380BA3-E4C6-43F4-8C25-A66CE30DF2EB}.Release|x64.ActiveCfg = Release|x64
		{FE380BA3-E4C6-43F4-8C25-A66CE30DF2EB}.Release|x64.Build.0 = Release|x64
		{FE380BA3-E4C6-43F4-8C25-A66CE30DF2EB}.Release|x86.ActiveCfg = Release|Win32
		{FE380BA3-E4C6-43F4-8C25-A66CE30DF2EB}.Release|x86.Build.0 = Release|Win32
		{4CE402F3-CBF9-46D6-A575-0A6C404393A0}.Debug|x64.ActiveCfg = Debug|x64
		{4CE402F3-CBF9-46D6-A575-0A6C404393A0}.Debug|x64.Build.0 = Debug|x64
		{4CE402F3-CBF9-46D6-A575-0A6C404393A0}.Debug|x86.ActiveCfg = Debug|Win32
		{4CE402F3-CBF9-46D6-A575-0A6C404393A0}.Debug|x86.Build.0 = Debug|Win32
		{4CE402F3-CBF9-46D6-A575-0A6C404393A0}.Release|x64.ActiveCfg = Release|x64
		{4CE402F3-CBF9-46D6-A575-0A6C404393A0}.Release|x64.Build.0 = Release|x64
		{4CE402F3-CBF9-46D6-A575-0A6C404393A0}.Release|x86.ActiveCfg = Release|Win32
		{4CE402F3-CBF9-46D6-A575-0A6C404393A0}.Release|x86.Build.0 = Release|Win32
	EndGlobalSection
	GlobalSection(SolutionProperties) = preSolution
		HideSolutionNode = FALSE
	EndGlobalSection
	GlobalSection(NestedProjects) = preSolution
		{E8BF0ED1-0F15-4574-9000-8AEC60171CFC} = {C9B7D3C7-FA86-4A93-9935-6B89815EDD0A}
		{7DCF0C1C-0DD5-4CDF-85DB-0FE11050EA87} = {C9B7D3C7-FA86-4A93-9935-6B89815EDD0A}
		{F28A60AF-F09B-4668-8D78-06610E559664} = {C9B7D3C7-FA86-4A93-9935-6B89815EDD0A}
		{98B855D7-7159-4BA7-8A53-9FEA264DC103} = {C9B7D3C7-FA86-4A93-9935-6B89815EDD0A}
		{C31157CA-3667-46DB-99FC-9865ED4FE1FE} = {C9B7D3C7-FA86-4A93-9935-6B89815EDD0A}
		{DD46F0BE-0F8D-4482-87D9-9783FEB73698} = {42ACC236-3B13-42EC-8636-245BF9700D29}
		{3789E44C-E592-4BD9-873F-9C2A87C0D515} = {42ACC236-3B13-42EC-8636-245BF9700D29}
		{FE380BA3-E4C6-43F4-8C25-A66CE30DF2EB} = {42ACC236-3B13-42EC-8636-245BF9700D29}
		{4CE402F3-CBF9-46D6-A575-0A6C404393A0} = {42ACC236-3B13-42EC-8636-245BF9700D29}
	EndGlobalSection
	GlobalSection(ExtensibilityGlobals) = postSolution
		SolutionGuid = {4621C081-9C5D-4644-B194-189B836CA794}
	EndGlobalSection
EndGlobal
