
Microsoft Visual Studio Solution File, Format Version 12.00
# Visual Studio 15
VisualStudioVersion = 15.0.27004.2008
MinimumVisualStudioVersion = 10.0.40219.1
Project("{2150E333-8FDC-42A3-9474-1A3956D46DE8}") = "01-类型安全增强", "01-类型安全增强", "{C9B7D3C7-FA86-4A93-9935-6B89815EDD0A}"
EndProject
Project("{2150E333-8FDC-42A3-9474-1A3956D46DE8}") = "02-标准输入与输出", "02-标准输入与输出", "{42ACC236-3B13-42EC-8636-245BF9700D29}"
EndProject
Project("{8BC9CEB8-8B4A-11D0-8D11-00A0C91BC942}") = "02-逻辑类型bool", "01-类型安全增强\02-逻辑类型bool\02-逻辑类型bool.vcxproj", "{E8BF0ED1-0F15-4574-9000-8AEC60171CFC}"
EndProject
Project("{8BC9CEB8-8B4A-11D0-8D11-00A0C91BC942}") = "03-真正的枚举", "01-类型安全增强\03-真正的枚举\03-真正的枚举.vcxproj", "{7DCF0C1C-0DD5-4CDF-85DB-0FE11050EA87}"
EndProject
Project("{8BC9CEB8-8B4A-11D0-8D11-00A0C91BC942}") = "04-可被赋值的表达式", "01-类型安全增强\04-可被赋值的表达式\04-可被赋值的表达式.vcxproj", "{F28A60AF-F09B-4668-8D78-06610E559664}"
EndProject
Project("{8BC9CEB8-8B4A-11D0-8D11-00A0C91BC942}") = "05-nullptr(C++11)", "01-类型安全增强\05-nullptr(C++11)\05-nullptr(C++11).vcxproj", "{98B855D7-7159-4BA7-8A53-9FEA264DC103}"
EndProject
Project("{8BC9CEB8-8B4A-11D0-8D11-00A0C91BC942}") = "01-严格的类型检查", "01-类型安全增强\01-严格的类型检查\01-严格的类型检查.vcxproj", "{C31157CA-3667-46DB-99FC-9865ED4FE1FE}"
EndProject
Project("{8BC9CEB8-8B4A-11D0-8D11-00A0C91BC942}") = "01-cin标准输入 cout标准输出", "02-标准输入与输出\01-cin标准输入 cout标准输出\01-cin标准输入 cout标准输出.vcxproj", "{DD46F0BE-0F8D-4482-87D9-9783FEB73698}"
EndProject
Project("{8BC9CEB8-8B4A-11D0-8D11-00A0C91BC942}") = "02-进制输出", "02-标准输入与输出\02-进制输出\02-进制输出.vcxproj", "{3789E44C-E592-4BD9-873F-9C2A87C0D515}"
EndProject
Project("{8BC9CEB8-8B4A-11D0-8D11-00A0C91BC942}") = "03-域宽-对齐-填充", "02-标准输入与输出\03-域宽-对齐-填充\03-域宽-对齐-填充.vcxproj", "{FE380BA3-E4C6-43F4-8C25-A66CE30DF2EB}"
EndProject
Project("{8BC9CEB8-8B4A-11D0-8D11-00A0C91BC942}") = "04-设置浮点数精度", "02-标准输入与输出\04-设置浮点数精度\04-设置浮点数精度.vcxproj", "{4CE402F3-CBF9-46D6-A575-0A6C404393A0}"
EndProject
Project("{2150E333-8FDC-42A3-9474-1A3956D46DE8}") = "03-函数重载", "03-函数重载", "{789AC7AA-3F95-40EA-8CA6-194FC1185621}"
EndProject
Project("{8BC9CEB8-8B4A-11D0-8D11-00A0C91BC942}") = "01-引例", "03-函数重载\01-引例\01-引例.vcxproj", "{D3FA1B5E-6216-4FAE-A84F-FE877493B498}"
EndProject
Project("{8BC9CEB8-8B4A-11D0-8D11-00A0C91BC942}") = "02-step1", "03-函数重载\02-step1\02-step1.vcxproj", "{3D9E1009-32D5-485E-B832-E244488FD19F}"
EndProject
Project("{8BC9CEB8-8B4A-11D0-8D11-00A0C91BC942}") = "03-step2", "03-函数重载\03-ste2\03-ste2.vcxproj", "{152C011C-8DB2-4155-BEC9-ECC715794B22}"
EndProject
Project("{8BC9CEB8-8B4A-11D0-8D11-00A0C91BC942}") = "04-重载规则", "03-函数重载\04-step3\04-step3.vcxproj", "{3460EF70-19A0-4853-8519-3B0A23E16476}"
EndProject
Project("{8BC9CEB8-8B4A-11D0-8D11-00A0C91BC942}") = "05-匹配测试", "03-函数重载\05-匹配测试\05-匹配测试.vcxproj", "{AEE07573-2487-4869-BFCA-BB41F1A87116}"
EndProject
Project("{8BC9CEB8-8B4A-11D0-8D11-00A0C91BC942}") = "06-特殊情况", "03-函数重载\06-特殊情况\06-特殊情况.vcxproj", "{256DAF61-C282-42EC-B014-B2F47B8ABC99}"
EndProject
Project("{8BC9CEB8-8B4A-11D0-8D11-00A0C91BC942}") = "07-重载实现机制", "03-函数重载\07-重载实现机制\07-重载实现机制.vcxproj", "{1D7A1C9B-9941-40DC-8FE7-8253395392B0}"
EndProject
Project("{8BC9CEB8-8B4A-11D0-8D11-00A0C91BC942}") = "08-extern C", "03-函数重载\08-extern C\08-extern C.vcxproj", "{98EEDADA-44DB-4534-AD50-053BC099B7E6}"
EndProject
Project("{2150E333-8FDC-42A3-9474-1A3956D46DE8}") = "04-运算符重载", "04-运算符重载", "{08FEE082-2ACF-432E-9F48-F4B645F1A3FE}"
EndProject
Project("{8BC9CEB8-8B4A-11D0-8D11-00A0C91BC942}") = "01-冰山一角", "04-运算符重载\01-冰山一角\01-冰山一角.vcxproj", "{8BEE8246-0672-4897-83C8-EF01813C1CDC}"
EndProject
Project("{2150E333-8FDC-42A3-9474-1A3956D46DE8}") = "05-默认参数(default parameters)", "05-默认参数(default parameters)", "{E505B514-AED3-431C-A354-F64E112CB4F9}"
EndProject
Project("{8BC9CEB8-8B4A-11D0-8D11-00A0C91BC942}") = "01-引入默认参数", "05-默认参数(default parameters)\01-引入默认参数\01-引入默认参数.vcxproj", "{ADEA21CB-951B-4C2E-B397-D497F1B3E366}"
EndProject
Project("{8BC9CEB8-8B4A-11D0-8D11-00A0C91BC942}") = "02-默认参数的声明顺序", "05-默认参数(default parameters)\02-默认参数的声明顺序\02-默认参数的声明顺序.vcxproj", "{1E1ECF3F-E55D-4EA5-B7DD-DBB06710A742}"
EndProject
Project("{8BC9CEB8-8B4A-11D0-8D11-00A0C91BC942}") = "03-规则冲突", "05-默认参数(default parameters)\03-规则冲突\03-规则冲突.vcxproj", "{7C5D1BC4-967E-4F30-8763-BFD29C8E5BCB}"
EndProject
Project("{2150E333-8FDC-42A3-9474-1A3956D46DE8}") = "06-引用(reference)", "06-引用(reference)", "{83FDC109-9602-4DFE-91DD-22000A505D37}"
EndProject
Project("{8BC9CEB8-8B4A-11D0-8D11-00A0C91BC942}") = "01-定义", "06-引用(reference)\01-定义\01-定义.vcxproj", "{E82F6C51-90B5-4AC3-BECC-775F695BA016}"
EndProject
Project("{8BC9CEB8-8B4A-11D0-8D11-00A0C91BC942}") = "02-应用", "06-引用(reference)\02-应用\02-应用.vcxproj", "{9B8021AD-07B7-4DCE-9D0E-0E25741FF7C9}"
EndProject
Project("{8BC9CEB8-8B4A-11D0-8D11-00A0C91BC942}") = "03-引用的提高", "06-引用(reference)\03-引用的提高\03-引用的提高.vcxproj", "{737B73B1-4AC1-4BFA-9E64-B424FA1DFA31}"
EndProject
Project("{8BC9CEB8-8B4A-11D0-8D11-00A0C91BC942}") = "04-常引用", "06-引用(reference)\04-常引用\04-常引用.vcxproj", "{8A9BEF0D-A02F-4A23-B820-CB8C42B9AA22}"
EndProject
Project("{2150E333-8FDC-42A3-9474-1A3956D46DE8}") = "07-堆内存操作(new-delete)", "07-堆内存操作(new-delete)", "{4655DF63-5D02-43F7-9AAB-42D96AE895B9}"
EndProject
Project("{8BC9CEB8-8B4A-11D0-8D11-00A0C91BC942}") = "01-申请单变量空间", "07-堆内存操作(new-delete)\01-申请单变量空间\01-申请单变量空间.vcxproj", "{C797DAEA-2152-4013-AA99-C808B66DE1DF}"
EndProject
Project("{8BC9CEB8-8B4A-11D0-8D11-00A0C91BC942}") = "02-申请一或多维数组", "07-堆内存操作(new-delete)\02-申请一或多维数组\02-申请一或多维数组.vcxproj", "{3A6269C6-7AD2-4CE3-8990-03BFC56F533A}"
EndProject
Project("{8BC9CEB8-8B4A-11D0-8D11-00A0C91BC942}") = "03-申请指针数组", "07-堆内存操作(new-delete)\03-申请指针数组\03-申请指针数组.vcxproj", "{F67744B6-D1F4-4918-814C-09F258CBFBC2}"
EndProject
Project("{8BC9CEB8-8B4A-11D0-8D11-00A0C91BC942}") = "04-释放空间", "07-堆内存操作(new-delete)\04-释放空间\04-释放空间.vcxproj", "{24758902-801B-4E30-B9C3-705324CD119A}"
EndProject
Project("{8BC9CEB8-8B4A-11D0-8D11-00A0C91BC942}") = "05-申请失败与tryCatch捕获异常", "07-堆内存操作(new-delete)\05-申请失败与tryCatch捕获异常\05-申请失败与tryCatch捕获异常.vcxproj", "{82C7C58C-614A-45FE-B884-E6C890A57D40}"
EndProject
Project("{8BC9CEB8-8B4A-11D0-8D11-00A0C91BC942}") = "07-申请失败，不抛出异常", "07-堆内存操作(new-delete)\07-申请失败，不抛出异常\07-申请失败，不抛出异常.vcxproj", "{1D5A8794-B52B-40DD-8FFB-7036ECF2BA68}"
EndProject
Project("{8BC9CEB8-8B4A-11D0-8D11-00A0C91BC942}") = "06-申请失败,设置异常回调", "07-堆内存操作(new-delete)\06-申请失败,设置异常回调\06-申请失败,设置异常回调.vcxproj", "{E6B096C7-2F12-4A8D-9976-C1630A00A202}"
EndProject
Project("{2150E333-8FDC-42A3-9474-1A3956D46DE8}") = "08-inlinem内联函数", "08-inlinem内联函数", "{7FDECA61-515B-4696-8F40-C1D152A9103C}"
EndProject
Project("{2150E333-8FDC-42A3-9474-1A3956D46DE8}") = "09-类型强转", "09-类型强转", "{4C6F947F-E98A-4ACA-9C1E-1B5AAEC7865B}"
EndProject
Project("{8BC9CEB8-8B4A-11D0-8D11-00A0C91BC942}") = "01-static_cast", "09-类型强转\01-static_cast\01-static_cast.vcxproj", "{E97444C6-257E-46BC-98EC-DEAFA6F316FE}"
EndProject
Project("{8BC9CEB8-8B4A-11D0-8D11-00A0C91BC942}") = "01-inlinem内联函数", "08-inlinem内联函数\01-inlinem内联函数\01-inlinem内联函数.vcxproj", "{D8D2B640-E8F7-45D2-B2C5-31971BF368C3}"
EndProject
Project("{8BC9CEB8-8B4A-11D0-8D11-00A0C91BC942}") = "02-reinterpret_cast", "09-类型强转\02-reinterpert_cast\02-reinterpert_cast.vcxproj", "{46033ACF-ABF4-4CE6-B5BC-D3E0A1B644DD}"
EndProject
Project("{8BC9CEB8-8B4A-11D0-8D11-00A0C91BC942}") = "03-const_cast", "09-类型强转\03-const_cast\03-const_cast.vcxproj", "{064ECD28-65BF-408F-A47E-71EAFA9034EA}"
EndProject
Project("{2150E333-8FDC-42A3-9474-1A3956D46DE8}") = "10-namespace命名空间", "10-namespace命名空间", "{24A064C9-D9EF-4443-AAD6-06EFFAC295ED}"
EndProject
Project("{8BC9CEB8-8B4A-11D0-8D11-00A0C91BC942}") = "01-概述", "10-namespace命名空间\01-概述\01-概述.vcxproj", "{BABF5022-F2FA-4571-A372-160D587E41B0}"
EndProject
Project("{8BC9CEB8-8B4A-11D0-8D11-00A0C91BC942}") = "02-全局无名命名空间", "10-namespace命名空间\02-全局无名命名空间\02-全局无名命名空间.vcxproj", "{B1C2A889-FA1C-4C9C-88DF-B825410006CA}"
EndProject
Project("{8BC9CEB8-8B4A-11D0-8D11-00A0C91BC942}") = "03-应用", "10-namespace命名空间\03-应用\03-应用.vcxproj", "{E4CEB380-5234-4951-B6C6-62C7C6256219}"
EndProject
Project("{8BC9CEB8-8B4A-11D0-8D11-00A0C91BC942}") = "04-std标准库", "10-namespace命名空间\04-std标准库\04-std标准库.vcxproj", "{485703B7-372F-4EB2-A4C2-2734D5CBE929}"
EndProject
Project("{8BC9CEB8-8B4A-11D0-8D11-00A0C91BC942}") = "05-协同开发", "10-namespace命名空间\05-协同开发\05-协同开发.vcxproj", "{E2F70D18-D51E-4E87-9FEC-442EC082261D}"
EndProject
Project("{2150E333-8FDC-42A3-9474-1A3956D46DE8}") = "11-string字符串类", "11-string字符串类", "{9EA701A0-91EE-421C-B03A-39A93B906E2B}"
EndProject
Project("{8BC9CEB8-8B4A-11D0-8D11-00A0C91BC942}") = "01-初始化及基本操作", "11-string字符串类\01-初始化及基本操作\01-初始化及基本操作.vcxproj", "{249B9FA4-D8FF-411F-9399-25581EF281C9}"
EndProject
Project("{8BC9CEB8-8B4A-11D0-8D11-00A0C91BC942}") = "02-运算符重载函数", "11-string字符串类\02-运算符重载函数\02-运算符重载函数.vcxproj", "{88CFA01B-9188-4847-A1C7-0FC06B312B93}"
EndProject
Project("{8BC9CEB8-8B4A-11D0-8D11-00A0C91BC942}") = "03-数值与字符串互转函数", "11-string字符串类\03-数值与字符串互转函数\03-数值与字符串互转函数.vcxproj", "{66160D57-FACE-499B-9198-DB4390ED3B41}"
EndProject
Project("{8BC9CEB8-8B4A-11D0-8D11-00A0C91BC942}") = "04-string数组", "11-string字符串类\04-string数组\04-string数组.vcxproj", "{4495C2E7-E597-4767-B85D-9B12C1C99C9B}"
EndProject
Global
	GlobalSection(SolutionConfigurationPlatforms) = preSolution
		Debug|x64 = Debug|x64
		Debug|x86 = Debug|x86
		Release|x64 = Release|x64
		Release|x86 = Release|x86
	EndGlobalSection
	GlobalSection(ProjectConfigurationPlatforms) = postSolution
		{E8BF0ED1-0F15-4574-9000-8AEC60171CFC}.Debug|x64.ActiveCfg = Debug|x64
		{E8BF0ED1-0F15-4574-9000-8AEC60171CFC}.Debug|x64.Build.0 = Debug|x64
		{E8BF0ED1-0F15-4574-9000-8AEC60171CFC}.Debug|x86.ActiveCfg = Debug|Win32
		{E8BF0ED1-0F15-4574-9000-8AEC60171CFC}.Debug|x86.Build.0 = Debug|Win32
		{E8BF0ED1-0F15-4574-9000-8AEC60171CFC}.Release|x64.ActiveCfg = Release|x64
		{E8BF0ED1-0F15-4574-9000-8AEC60171CFC}.Release|x64.Build.0 = Release|x64
		{E8BF0ED1-0F15-4574-9000-8AEC60171CFC}.Release|x86.ActiveCfg = Release|Win32
		{E8BF0ED1-0F15-4574-9000-8AEC60171CFC}.Release|x86.Build.0 = Release|Win32
		{7DCF0C1C-0DD5-4CDF-85DB-0FE11050EA87}.Debug|x64.ActiveCfg = Debug|x64
		{7DCF0C1C-0DD5-4CDF-85DB-0FE11050EA87}.Debug|x64.Build.0 = Debug|x64
		{7DCF0C1C-0DD5-4CDF-85DB-0FE11050EA87}.Debug|x86.ActiveCfg = Debug|Win32
		{7DCF0C1C-0DD5-4CDF-85DB-0FE11050EA87}.Debug|x86.Build.0 = Debug|Win32
		{7DCF0C1C-0DD5-4CDF-85DB-0FE11050EA87}.Release|x64.ActiveCfg = Release|x64
		{7DCF0C1C-0DD5-4CDF-85DB-0FE11050EA87}.Release|x64.Build.0 = Release|x64
		{7DCF0C1C-0DD5-4CDF-85DB-0FE11050EA87}.Release|x86.ActiveCfg = Release|Win32
		{7DCF0C1C-0DD5-4CDF-85DB-0FE11050EA87}.Release|x86.Build.0 = Release|Win32
		{F28A60AF-F09B-4668-8D78-06610E559664}.Debug|x64.ActiveCfg = Debug|x64
		{F28A60AF-F09B-4668-8D78-06610E559664}.Debug|x64.Build.0 = Debug|x64
		{F28A60AF-F09B-4668-8D78-06610E559664}.Debug|x86.ActiveCfg = Debug|Win32
		{F28A60AF-F09B-4668-8D78-06610E559664}.Debug|x86.Build.0 = Debug|Win32
		{F28A60AF-F09B-4668-8D78-06610E559664}.Release|x64.ActiveCfg = Release|x64
		{F28A60AF-F09B-4668-8D78-06610E559664}.Release|x64.Build.0 = Release|x64
		{F28A60AF-F09B-4668-8D78-06610E559664}.Release|x86.ActiveCfg = Release|Win32
		{F28A60AF-F09B-4668-8D78-06610E559664}.Release|x86.Build.0 = Release|Win32
		{98B855D7-7159-4BA7-8A53-9FEA264DC103}.Debug|x64.ActiveCfg = Debug|x64
		{98B855D7-7159-4BA7-8A53-9FEA264DC103}.Debug|x64.Build.0 = Debug|x64
		{98B855D7-7159-4BA7-8A53-9FEA264DC103}.Debug|x86.ActiveCfg = Debug|Win32
		{98B855D7-7159-4BA7-8A53-9FEA264DC103}.Debug|x86.Build.0 = Debug|Win32
		{98B855D7-7159-4BA7-8A53-9FEA264DC103}.Release|x64.ActiveCfg = Release|x64
		{98B855D7-7159-4BA7-8A53-9FEA264DC103}.Release|x64.Build.0 = Release|x64
		{98B855D7-7159-4BA7-8A53-9FEA264DC103}.Release|x86.ActiveCfg = Release|Win32
		{98B855D7-7159-4BA7-8A53-9FEA264DC103}.Release|x86.Build.0 = Release|Win32
		{C31157CA-3667-46DB-99FC-9865ED4FE1FE}.Debug|x64.ActiveCfg = Debug|x64
		{C31157CA-3667-46DB-99FC-9865ED4FE1FE}.Debug|x64.Build.0 = Debug|x64
		{C31157CA-3667-46DB-99FC-9865ED4FE1FE}.Debug|x86.ActiveCfg = Debug|Win32
		{C31157CA-3667-46DB-99FC-9865ED4FE1FE}.Debug|x86.Build.0 = Debug|Win32
		{C31157CA-3667-46DB-99FC-9865ED4FE1FE}.Release|x64.ActiveCfg = Release|x64
		{C31157CA-3667-46DB-99FC-9865ED4FE1FE}.Release|x64.Build.0 = Release|x64
		{C31157CA-3667-46DB-99FC-9865ED4FE1FE}.Release|x86.ActiveCfg = Release|Win32
		{C31157CA-3667-46DB-99FC-9865ED4FE1FE}.Release|x86.Build.0 = Release|Win32
		{DD46F0BE-0F8D-4482-87D9-9783FEB73698}.Debug|x64.ActiveCfg = Debug|x64
		{DD46F0BE-0F8D-4482-87D9-9783FEB73698}.Debug|x64.Build.0 = Debug|x64
		{DD46F0BE-0F8D-4482-87D9-9783FEB73698}.Debug|x86.ActiveCfg = Debug|Win32
		{DD46F0BE-0F8D-4482-87D9-9783FEB73698}.Debug|x86.Build.0 = Debug|Win32
		{DD46F0BE-0F8D-4482-87D9-9783FEB73698}.Release|x64.ActiveCfg = Release|x64
		{DD46F0BE-0F8D-4482-87D9-9783FEB73698}.Release|x64.Build.0 = Release|x64
		{DD46F0BE-0F8D-4482-87D9-9783FEB73698}.Release|x86.ActiveCfg = Release|Win32
		{DD46F0BE-0F8D-4482-87D9-9783FEB73698}.Release|x86.Build.0 = Release|Win32
		{3789E44C-E592-4BD9-873F-9C2A87C0D515}.Debug|x64.ActiveCfg = Debug|x64
		{3789E44C-E592-4BD9-873F-9C2A87C0D515}.Debug|x64.Build.0 = Debug|x64
		{3789E44C-E592-4BD9-873F-9C2A87C0D515}.Debug|x86.ActiveCfg = Debug|Win32
		{3789E44C-E592-4BD9-873F-9C2A87C0D515}.Debug|x86.Build.0 = Debug|Win32
		{3789E44C-E592-4BD9-873F-9C2A87C0D515}.Release|x64.ActiveCfg = Release|x64
		{3789E44C-E592-4BD9-873F-9C2A87C0D515}.Release|x64.Build.0 = Release|x64
		{3789E44C-E592-4BD9-873F-9C2A87C0D515}.Release|x86.ActiveCfg = Release|Win32
		{3789E44C-E592-4BD9-873F-9C2A87C0D515}.Release|x86.Build.0 = Release|Win32
		{FE380BA3-E4C6-43F4-8C25-A66CE30DF2EB}.Debug|x64.ActiveCfg = Debug|x64
		{FE380BA3-E4C6-43F4-8C25-A66CE30DF2EB}.Debug|x64.Build.0 = Debug|x64
		{FE380BA3-E4C6-43F4-8C25-A66CE30DF2EB}.Debug|x86.ActiveCfg = Debug|Win32
		{FE380BA3-E4C6-43F4-8C25-A66CE30DF2EB}.Debug|x86.Build.0 = Debug|Win32
		{FE380BA3-E4C6-43F4-8C25-A66CE30DF2EB}.Release|x64.ActiveCfg = Release|x64
		{FE380BA3-E4C6-43F4-8C25-A66CE30DF2EB}.Release|x64.Build.0 = Release|x64
		{FE380BA3-E4C6-43F4-8C25-A66CE30DF2EB}.Release|x86.ActiveCfg = Release|Win32
		{FE380BA3-E4C6-43F4-8C25-A66CE30DF2EB}.Release|x86.Build.0 = Release|Win32
		{4CE402F3-CBF9-46D6-A575-0A6C404393A0}.Debug|x64.ActiveCfg = Debug|x64
		{4CE402F3-CBF9-46D6-A575-0A6C404393A0}.Debug|x64.Build.0 = Debug|x64
		{4CE402F3-CBF9-46D6-A575-0A6C404393A0}.Debug|x86.ActiveCfg = Debug|Win32
		{4CE402F3-CBF9-46D6-A575-0A6C404393A0}.Debug|x86.Build.0 = Debug|Win32
		{4CE402F3-CBF9-46D6-A575-0A6C404393A0}.Release|x64.ActiveCfg = Release|x64
		{4CE402F3-CBF9-46D6-A575-0A6C404393A0}.Release|x64.Build.0 = Release|x64
		{4CE402F3-CBF9-46D6-A575-0A6C404393A0}.Release|x86.ActiveCfg = Release|Win32
		{4CE402F3-CBF9-46D6-A575-0A6C404393A0}.Release|x86.Build.0 = Release|Win32
		{D3FA1B5E-6216-4FAE-A84F-FE877493B498}.Debug|x64.ActiveCfg = Debug|x64
		{D3FA1B5E-6216-4FAE-A84F-FE877493B498}.Debug|x64.Build.0 = Debug|x64
		{D3FA1B5E-6216-4FAE-A84F-FE877493B498}.Debug|x86.ActiveCfg = Debug|Win32
		{D3FA1B5E-6216-4FAE-A84F-FE877493B498}.Debug|x86.Build.0 = Debug|Win32
		{D3FA1B5E-6216-4FAE-A84F-FE877493B498}.Release|x64.ActiveCfg = Release|x64
		{D3FA1B5E-6216-4FAE-A84F-FE877493B498}.Release|x64.Build.0 = Release|x64
		{D3FA1B5E-6216-4FAE-A84F-FE877493B498}.Release|x86.ActiveCfg = Release|Win32
		{D3FA1B5E-6216-4FAE-A84F-FE877493B498}.Release|x86.Build.0 = Release|Win32
		{3D9E1009-32D5-485E-B832-E244488FD19F}.Debug|x64.ActiveCfg = Debug|x64
		{3D9E1009-32D5-485E-B832-E244488FD19F}.Debug|x64.Build.0 = Debug|x64
		{3D9E1009-32D5-485E-B832-E244488FD19F}.Debug|x86.ActiveCfg = Debug|Win32
		{3D9E1009-32D5-485E-B832-E244488FD19F}.Debug|x86.Build.0 = Debug|Win32
		{3D9E1009-32D5-485E-B832-E244488FD19F}.Release|x64.ActiveCfg = Release|x64
		{3D9E1009-32D5-485E-B832-E244488FD19F}.Release|x64.Build.0 = Release|x64
		{3D9E1009-32D5-485E-B832-E244488FD19F}.Release|x86.ActiveCfg = Release|Win32
		{3D9E1009-32D5-485E-B832-E244488FD19F}.Release|x86.Build.0 = Release|Win32
		{152C011C-8DB2-4155-BEC9-ECC715794B22}.Debug|x64.ActiveCfg = Debug|x64
		{152C011C-8DB2-4155-BEC9-ECC715794B22}.Debug|x64.Build.0 = Debug|x64
		{152C011C-8DB2-4155-BEC9-ECC715794B22}.Debug|x86.ActiveCfg = Debug|Win32
		{152C011C-8DB2-4155-BEC9-ECC715794B22}.Debug|x86.Build.0 = Debug|Win32
		{152C011C-8DB2-4155-BEC9-ECC715794B22}.Release|x64.ActiveCfg = Release|x64
		{152C011C-8DB2-4155-BEC9-ECC715794B22}.Release|x64.Build.0 = Release|x64
		{152C011C-8DB2-4155-BEC9-ECC715794B22}.Release|x86.ActiveCfg = Release|Win32
		{152C011C-8DB2-4155-BEC9-ECC715794B22}.Release|x86.Build.0 = Release|Win32
		{3460EF70-19A0-4853-8519-3B0A23E16476}.Debug|x64.ActiveCfg = Debug|x64
		{3460EF70-19A0-4853-8519-3B0A23E16476}.Debug|x64.Build.0 = Debug|x64
		{3460EF70-19A0-4853-8519-3B0A23E16476}.Debug|x86.ActiveCfg = Debug|Win32
		{3460EF70-19A0-4853-8519-3B0A23E16476}.Debug|x86.Build.0 = Debug|Win32
		{3460EF70-19A0-4853-8519-3B0A23E16476}.Release|x64.ActiveCfg = Release|x64
		{3460EF70-19A0-4853-8519-3B0A23E16476}.Release|x64.Build.0 = Release|x64
		{3460EF70-19A0-4853-8519-3B0A23E16476}.Release|x86.ActiveCfg = Release|Win32
		{3460EF70-19A0-4853-8519-3B0A23E16476}.Release|x86.Build.0 = Release|Win32
		{AEE07573-2487-4869-BFCA-BB41F1A87116}.Debug|x64.ActiveCfg = Debug|x64
		{AEE07573-2487-4869-BFCA-BB41F1A87116}.Debug|x64.Build.0 = Debug|x64
		{AEE07573-2487-4869-BFCA-BB41F1A87116}.Debug|x86.ActiveCfg = Debug|Win32
		{AEE07573-2487-4869-BFCA-BB41F1A87116}.Debug|x86.Build.0 = Debug|Win32
		{AEE07573-2487-4869-BFCA-BB41F1A87116}.Release|x64.ActiveCfg = Release|x64
		{AEE07573-2487-4869-BFCA-BB41F1A87116}.Release|x64.Build.0 = Release|x64
		{AEE07573-2487-4869-BFCA-BB41F1A87116}.Release|x86.ActiveCfg = Release|Win32
		{AEE07573-2487-4869-BFCA-BB41F1A87116}.Release|x86.Build.0 = Release|Win32
		{256DAF61-C282-42EC-B014-B2F47B8ABC99}.Debug|x64.ActiveCfg = Debug|x64
		{256DAF61-C282-42EC-B014-B2F47B8ABC99}.Debug|x64.Build.0 = Debug|x64
		{256DAF61-C282-42EC-B014-B2F47B8ABC99}.Debug|x86.ActiveCfg = Debug|Win32
		{256DAF61-C282-42EC-B014-B2F47B8ABC99}.Debug|x86.Build.0 = Debug|Win32
		{256DAF61-C282-42EC-B014-B2F47B8ABC99}.Release|x64.ActiveCfg = Release|x64
		{256DAF61-C282-42EC-B014-B2F47B8ABC99}.Release|x64.Build.0 = Release|x64
		{256DAF61-C282-42EC-B014-B2F47B8ABC99}.Release|x86.ActiveCfg = Release|Win32
		{256DAF61-C282-42EC-B014-B2F47B8ABC99}.Release|x86.Build.0 = Release|Win32
		{1D7A1C9B-9941-40DC-8FE7-8253395392B0}.Debug|x64.ActiveCfg = Debug|x64
		{1D7A1C9B-9941-40DC-8FE7-8253395392B0}.Debug|x64.Build.0 = Debug|x64
		{1D7A1C9B-9941-40DC-8FE7-8253395392B0}.Debug|x86.ActiveCfg = Debug|Win32
		{1D7A1C9B-9941-40DC-8FE7-8253395392B0}.Debug|x86.Build.0 = Debug|Win32
		{1D7A1C9B-9941-40DC-8FE7-8253395392B0}.Release|x64.ActiveCfg = Release|x64
		{1D7A1C9B-9941-40DC-8FE7-8253395392B0}.Release|x64.Build.0 = Release|x64
		{1D7A1C9B-9941-40DC-8FE7-8253395392B0}.Release|x86.ActiveCfg = Release|Win32
		{1D7A1C9B-9941-40DC-8FE7-8253395392B0}.Release|x86.Build.0 = Release|Win32
		{98EEDADA-44DB-4534-AD50-053BC099B7E6}.Debug|x64.ActiveCfg = Debug|x64
		{98EEDADA-44DB-4534-AD50-053BC099B7E6}.Debug|x64.Build.0 = Debug|x64
		{98EEDADA-44DB-4534-AD50-053BC099B7E6}.Debug|x86.ActiveCfg = Debug|Win32
		{98EEDADA-44DB-4534-AD50-053BC099B7E6}.Debug|x86.Build.0 = Debug|Win32
		{98EEDADA-44DB-4534-AD50-053BC099B7E6}.Release|x64.ActiveCfg = Release|x64
		{98EEDADA-44DB-4534-AD50-053BC099B7E6}.Release|x64.Build.0 = Release|x64
		{98EEDADA-44DB-4534-AD50-053BC099B7E6}.Release|x86.ActiveCfg = Release|Win32
		{98EEDADA-44DB-4534-AD50-053BC099B7E6}.Release|x86.Build.0 = Release|Win32
		{8BEE8246-0672-4897-83C8-EF01813C1CDC}.Debug|x64.ActiveCfg = Debug|x64
		{8BEE8246-0672-4897-83C8-EF01813C1CDC}.Debug|x64.Build.0 = Debug|x64
		{8BEE8246-0672-4897-83C8-EF01813C1CDC}.Debug|x86.ActiveCfg = Debug|Win32
		{8BEE8246-0672-4897-83C8-EF01813C1CDC}.Debug|x86.Build.0 = Debug|Win32
		{8BEE8246-0672-4897-83C8-EF01813C1CDC}.Release|x64.ActiveCfg = Release|x64
		{8BEE8246-0672-4897-83C8-EF01813C1CDC}.Release|x64.Build.0 = Release|x64
		{8BEE8246-0672-4897-83C8-EF01813C1CDC}.Release|x86.ActiveCfg = Release|Win32
		{8BEE8246-0672-4897-83C8-EF01813C1CDC}.Release|x86.Build.0 = Release|Win32
		{ADEA21CB-951B-4C2E-B397-D497F1B3E366}.Debug|x64.ActiveCfg = Debug|x64
		{ADEA21CB-951B-4C2E-B397-D497F1B3E366}.Debug|x64.Build.0 = Debug|x64
		{ADEA21CB-951B-4C2E-B397-D497F1B3E366}.Debug|x86.ActiveCfg = Debug|Win32
		{ADEA21CB-951B-4C2E-B397-D497F1B3E366}.Debug|x86.Build.0 = Debug|Win32
		{ADEA21CB-951B-4C2E-B397-D497F1B3E366}.Release|x64.ActiveCfg = Release|x64
		{ADEA21CB-951B-4C2E-B397-D497F1B3E366}.Release|x64.Build.0 = Release|x64
		{ADEA21CB-951B-4C2E-B397-D497F1B3E366}.Release|x86.ActiveCfg = Release|Win32
		{ADEA21CB-951B-4C2E-B397-D497F1B3E366}.Release|x86.Build.0 = Release|Win32
		{1E1ECF3F-E55D-4EA5-B7DD-DBB06710A742}.Debug|x64.ActiveCfg = Debug|x64
		{1E1ECF3F-E55D-4EA5-B7DD-DBB06710A742}.Debug|x64.Build.0 = Debug|x64
		{1E1ECF3F-E55D-4EA5-B7DD-DBB06710A742}.Debug|x86.ActiveCfg = Debug|Win32
		{1E1ECF3F-E55D-4EA5-B7DD-DBB06710A742}.Debug|x86.Build.0 = Debug|Win32
		{1E1ECF3F-E55D-4EA5-B7DD-DBB06710A742}.Release|x64.ActiveCfg = Release|x64
		{1E1ECF3F-E55D-4EA5-B7DD-DBB06710A742}.Release|x64.Build.0 = Release|x64
		{1E1ECF3F-E55D-4EA5-B7DD-DBB06710A742}.Release|x86.ActiveCfg = Release|Win32
		{1E1ECF3F-E55D-4EA5-B7DD-DBB06710A742}.Release|x86.Build.0 = Release|Win32
		{7C5D1BC4-967E-4F30-8763-BFD29C8E5BCB}.Debug|x64.ActiveCfg = Debug|x64
		{7C5D1BC4-967E-4F30-8763-BFD29C8E5BCB}.Debug|x64.Build.0 = Debug|x64
		{7C5D1BC4-967E-4F30-8763-BFD29C8E5BCB}.Debug|x86.ActiveCfg = Debug|Win32
		{7C5D1BC4-967E-4F30-8763-BFD29C8E5BCB}.Debug|x86.Build.0 = Debug|Win32
		{7C5D1BC4-967E-4F30-8763-BFD29C8E5BCB}.Release|x64.ActiveCfg = Release|x64
		{7C5D1BC4-967E-4F30-8763-BFD29C8E5BCB}.Release|x64.Build.0 = Release|x64
		{7C5D1BC4-967E-4F30-8763-BFD29C8E5BCB}.Release|x86.ActiveCfg = Release|Win32
		{7C5D1BC4-967E-4F30-8763-BFD29C8E5BCB}.Release|x86.Build.0 = Release|Win32
		{E82F6C51-90B5-4AC3-BECC-775F695BA016}.Debug|x64.ActiveCfg = Debug|x64
		{E82F6C51-90B5-4AC3-BECC-775F695BA016}.Debug|x64.Build.0 = Debug|x64
		{E82F6C51-90B5-4AC3-BECC-775F695BA016}.Debug|x86.ActiveCfg = Debug|Win32
		{E82F6C51-90B5-4AC3-BECC-775F695BA016}.Debug|x86.Build.0 = Debug|Win32
		{E82F6C51-90B5-4AC3-BECC-775F695BA016}.Release|x64.ActiveCfg = Release|x64
		{E82F6C51-90B5-4AC3-BECC-775F695BA016}.Release|x64.Build.0 = Release|x64
		{E82F6C51-90B5-4AC3-BECC-775F695BA016}.Release|x86.ActiveCfg = Release|Win32
		{E82F6C51-90B5-4AC3-BECC-775F695BA016}.Release|x86.Build.0 = Release|Win32
		{9B8021AD-07B7-4DCE-9D0E-0E25741FF7C9}.Debug|x64.ActiveCfg = Debug|x64
		{9B8021AD-07B7-4DCE-9D0E-0E25741FF7C9}.Debug|x64.Build.0 = Debug|x64
		{9B8021AD-07B7-4DCE-9D0E-0E25741FF7C9}.Debug|x86.ActiveCfg = Debug|Win32
		{9B8021AD-07B7-4DCE-9D0E-0E25741FF7C9}.Debug|x86.Build.0 = Debug|Win32
		{9B8021AD-07B7-4DCE-9D0E-0E25741FF7C9}.Release|x64.ActiveCfg = Release|x64
		{9B8021AD-07B7-4DCE-9D0E-0E25741FF7C9}.Release|x64.Build.0 = Release|x64
		{9B8021AD-07B7-4DCE-9D0E-0E25741FF7C9}.Release|x86.ActiveCfg = Release|Win32
		{9B8021AD-07B7-4DCE-9D0E-0E25741FF7C9}.Release|x86.Build.0 = Release|Win32
		{737B73B1-4AC1-4BFA-9E64-B424FA1DFA31}.Debug|x64.ActiveCfg = Debug|x64
		{737B73B1-4AC1-4BFA-9E64-B424FA1DFA31}.Debug|x64.Build.0 = Debug|x64
		{737B73B1-4AC1-4BFA-9E64-B424FA1DFA31}.Debug|x86.ActiveCfg = Debug|Win32
		{737B73B1-4AC1-4BFA-9E64-B424FA1DFA31}.Debug|x86.Build.0 = Debug|Win32
		{737B73B1-4AC1-4BFA-9E64-B424FA1DFA31}.Release|x64.ActiveCfg = Release|x64
		{737B73B1-4AC1-4BFA-9E64-B424FA1DFA31}.Release|x64.Build.0 = Release|x64
		{737B73B1-4AC1-4BFA-9E64-B424FA1DFA31}.Release|x86.ActiveCfg = Release|Win32
		{737B73B1-4AC1-4BFA-9E64-B424FA1DFA31}.Release|x86.Build.0 = Release|Win32
		{8A9BEF0D-A02F-4A23-B820-CB8C42B9AA22}.Debug|x64.ActiveCfg = Debug|x64
		{8A9BEF0D-A02F-4A23-B820-CB8C42B9AA22}.Debug|x64.Build.0 = Debug|x64
		{8A9BEF0D-A02F-4A23-B820-CB8C42B9AA22}.Debug|x86.ActiveCfg = Debug|Win32
		{8A9BEF0D-A02F-4A23-B820-CB8C42B9AA22}.Debug|x86.Build.0 = Debug|Win32
		{8A9BEF0D-A02F-4A23-B820-CB8C42B9AA22}.Release|x64.ActiveCfg = Release|x64
		{8A9BEF0D-A02F-4A23-B820-CB8C42B9AA22}.Release|x64.Build.0 = Release|x64
		{8A9BEF0D-A02F-4A23-B820-CB8C42B9AA22}.Release|x86.ActiveCfg = Release|Win32
		{8A9BEF0D-A02F-4A23-B820-CB8C42B9AA22}.Release|x86.Build.0 = Release|Win32
		{C797DAEA-2152-4013-AA99-C808B66DE1DF}.Debug|x64.ActiveCfg = Debug|x64
		{C797DAEA-2152-4013-AA99-C808B66DE1DF}.Debug|x64.Build.0 = Debug|x64
		{C797DAEA-2152-4013-AA99-C808B66DE1DF}.Debug|x86.ActiveCfg = Debug|Win32
		{C797DAEA-2152-4013-AA99-C808B66DE1DF}.Debug|x86.Build.0 = Debug|Win32
		{C797DAEA-2152-4013-AA99-C808B66DE1DF}.Release|x64.ActiveCfg = Release|x64
		{C797DAEA-2152-4013-AA99-C808B66DE1DF}.Release|x64.Build.0 = Release|x64
		{C797DAEA-2152-4013-AA99-C808B66DE1DF}.Release|x86.ActiveCfg = Release|Win32
		{C797DAEA-2152-4013-AA99-C808B66DE1DF}.Release|x86.Build.0 = Release|Win32
		{3A6269C6-7AD2-4CE3-8990-03BFC56F533A}.Debug|x64.ActiveCfg = Debug|x64
		{3A6269C6-7AD2-4CE3-8990-03BFC56F533A}.Debug|x64.Build.0 = Debug|x64
		{3A6269C6-7AD2-4CE3-8990-03BFC56F533A}.Debug|x86.ActiveCfg = Debug|Win32
		{3A6269C6-7AD2-4CE3-8990-03BFC56F533A}.Debug|x86.Build.0 = Debug|Win32
		{3A6269C6-7AD2-4CE3-8990-03BFC56F533A}.Release|x64.ActiveCfg = Release|x64
		{3A6269C6-7AD2-4CE3-8990-03BFC56F533A}.Release|x64.Build.0 = Release|x64
		{3A6269C6-7AD2-4CE3-8990-03BFC56F533A}.Release|x86.ActiveCfg = Release|Win32
		{3A6269C6-7AD2-4CE3-8990-03BFC56F533A}.Release|x86.Build.0 = Release|Win32
		{F67744B6-D1F4-4918-814C-09F258CBFBC2}.Debug|x64.ActiveCfg = Debug|x64
		{F67744B6-D1F4-4918-814C-09F258CBFBC2}.Debug|x64.Build.0 = Debug|x64
		{F67744B6-D1F4-4918-814C-09F258CBFBC2}.Debug|x86.ActiveCfg = Debug|Win32
		{F67744B6-D1F4-4918-814C-09F258CBFBC2}.Debug|x86.Build.0 = Debug|Win32
		{F67744B6-D1F4-4918-814C-09F258CBFBC2}.Release|x64.ActiveCfg = Release|x64
		{F67744B6-D1F4-4918-814C-09F258CBFBC2}.Release|x64.Build.0 = Release|x64
		{F67744B6-D1F4-4918-814C-09F258CBFBC2}.Release|x86.ActiveCfg = Release|Win32
		{F67744B6-D1F4-4918-814C-09F258CBFBC2}.Release|x86.Build.0 = Release|Win32
		{24758902-801B-4E30-B9C3-705324CD119A}.Debug|x64.ActiveCfg = Debug|x64
		{24758902-801B-4E30-B9C3-705324CD119A}.Debug|x64.Build.0 = Debug|x64
		{24758902-801B-4E30-B9C3-705324CD119A}.Debug|x86.ActiveCfg = Debug|Win32
		{24758902-801B-4E30-B9C3-705324CD119A}.Debug|x86.Build.0 = Debug|Win32
		{24758902-801B-4E30-B9C3-705324CD119A}.Release|x64.ActiveCfg = Release|x64
		{24758902-801B-4E30-B9C3-705324CD119A}.Release|x64.Build.0 = Release|x64
		{24758902-801B-4E30-B9C3-705324CD119A}.Release|x86.ActiveCfg = Release|Win32
		{24758902-801B-4E30-B9C3-705324CD119A}.Release|x86.Build.0 = Release|Win32
		{82C7C58C-614A-45FE-B884-E6C890A57D40}.Debug|x64.ActiveCfg = Debug|x64
		{82C7C58C-614A-45FE-B884-E6C890A57D40}.Debug|x64.Build.0 = Debug|x64
		{82C7C58C-614A-45FE-B884-E6C890A57D40}.Debug|x86.ActiveCfg = Debug|Win32
		{82C7C58C-614A-45FE-B884-E6C890A57D40}.Debug|x86.Build.0 = Debug|Win32
		{82C7C58C-614A-45FE-B884-E6C890A57D40}.Release|x64.ActiveCfg = Release|x64
		{82C7C58C-614A-45FE-B884-E6C890A57D40}.Release|x64.Build.0 = Release|x64
		{82C7C58C-614A-45FE-B884-E6C890A57D40}.Release|x86.ActiveCfg = Release|Win32
		{82C7C58C-614A-45FE-B884-E6C890A57D40}.Release|x86.Build.0 = Release|Win32
		{1D5A8794-B52B-40DD-8FFB-7036ECF2BA68}.Debug|x64.ActiveCfg = Debug|x64
		{1D5A8794-B52B-40DD-8FFB-7036ECF2BA68}.Debug|x64.Build.0 = Debug|x64
		{1D5A8794-B52B-40DD-8FFB-7036ECF2BA68}.Debug|x86.ActiveCfg = Debug|Win32
		{1D5A8794-B52B-40DD-8FFB-7036ECF2BA68}.Debug|x86.Build.0 = Debug|Win32
		{1D5A8794-B52B-40DD-8FFB-7036ECF2BA68}.Release|x64.ActiveCfg = Release|x64
		{1D5A8794-B52B-40DD-8FFB-7036ECF2BA68}.Release|x64.Build.0 = Release|x64
		{1D5A8794-B52B-40DD-8FFB-7036ECF2BA68}.Release|x86.ActiveCfg = Release|Win32
		{1D5A8794-B52B-40DD-8FFB-7036ECF2BA68}.Release|x86.Build.0 = Release|Win32
		{E6B096C7-2F12-4A8D-9976-C1630A00A202}.Debug|x64.ActiveCfg = Debug|x64
		{E6B096C7-2F12-4A8D-9976-C1630A00A202}.Debug|x64.Build.0 = Debug|x64
		{E6B096C7-2F12-4A8D-9976-C1630A00A202}.Debug|x86.ActiveCfg = Debug|Win32
		{E6B096C7-2F12-4A8D-9976-C1630A00A202}.Debug|x86.Build.0 = Debug|Win32
		{E6B096C7-2F12-4A8D-9976-C1630A00A202}.Release|x64.ActiveCfg = Release|x64
		{E6B096C7-2F12-4A8D-9976-C1630A00A202}.Release|x64.Build.0 = Release|x64
		{E6B096C7-2F12-4A8D-9976-C1630A00A202}.Release|x86.ActiveCfg = Release|Win32
		{E6B096C7-2F12-4A8D-9976-C1630A00A202}.Release|x86.Build.0 = Release|Win32
		{E97444C6-257E-46BC-98EC-DEAFA6F316FE}.Debug|x64.ActiveCfg = Debug|x64
		{E97444C6-257E-46BC-98EC-DEAFA6F316FE}.Debug|x64.Build.0 = Debug|x64
		{E97444C6-257E-46BC-98EC-DEAFA6F316FE}.Debug|x86.ActiveCfg = Debug|Win32
		{E97444C6-257E-46BC-98EC-DEAFA6F316FE}.Debug|x86.Build.0 = Debug|Win32
		{E97444C6-257E-46BC-98EC-DEAFA6F316FE}.Release|x64.ActiveCfg = Release|x64
		{E97444C6-257E-46BC-98EC-DEAFA6F316FE}.Release|x64.Build.0 = Release|x64
		{E97444C6-257E-46BC-98EC-DEAFA6F316FE}.Release|x86.ActiveCfg = Release|Win32
		{E97444C6-257E-46BC-98EC-DEAFA6F316FE}.Release|x86.Build.0 = Release|Win32
		{D8D2B640-E8F7-45D2-B2C5-31971BF368C3}.Debug|x64.ActiveCfg = Debug|x64
		{D8D2B640-E8F7-45D2-B2C5-31971BF368C3}.Debug|x64.Build.0 = Debug|x64
		{D8D2B640-E8F7-45D2-B2C5-31971BF368C3}.Debug|x86.ActiveCfg = Debug|Win32
		{D8D2B640-E8F7-45D2-B2C5-31971BF368C3}.Debug|x86.Build.0 = Debug|Win32
		{D8D2B640-E8F7-45D2-B2C5-31971BF368C3}.Release|x64.ActiveCfg = Release|x64
		{D8D2B640-E8F7-45D2-B2C5-31971BF368C3}.Release|x64.Build.0 = Release|x64
		{D8D2B640-E8F7-45D2-B2C5-31971BF368C3}.Release|x86.ActiveCfg = Release|Win32
		{D8D2B640-E8F7-45D2-B2C5-31971BF368C3}.Release|x86.Build.0 = Release|Win32
		{46033ACF-ABF4-4CE6-B5BC-D3E0A1B644DD}.Debug|x64.ActiveCfg = Debug|x64
		{46033ACF-ABF4-4CE6-B5BC-D3E0A1B644DD}.Debug|x64.Build.0 = Debug|x64
		{46033ACF-ABF4-4CE6-B5BC-D3E0A1B644DD}.Debug|x86.ActiveCfg = Debug|Win32
		{46033ACF-ABF4-4CE6-B5BC-D3E0A1B644DD}.Debug|x86.Build.0 = Debug|Win32
		{46033ACF-ABF4-4CE6-B5BC-D3E0A1B644DD}.Release|x64.ActiveCfg = Release|x64
		{46033ACF-ABF4-4CE6-B5BC-D3E0A1B644DD}.Release|x64.Build.0 = Release|x64
		{46033ACF-ABF4-4CE6-B5BC-D3E0A1B644DD}.Release|x86.ActiveCfg = Release|Win32
		{46033ACF-ABF4-4CE6-B5BC-D3E0A1B644DD}.Release|x86.Build.0 = Release|Win32
		{064ECD28-65BF-408F-A47E-71EAFA9034EA}.Debug|x64.ActiveCfg = Debug|x64
		{064ECD28-65BF-408F-A47E-71EAFA9034EA}.Debug|x64.Build.0 = Debug|x64
		{064ECD28-65BF-408F-A47E-71EAFA9034EA}.Debug|x86.ActiveCfg = Debug|Win32
		{064ECD28-65BF-408F-A47E-71EAFA9034EA}.Debug|x86.Build.0 = Debug|Win32
		{064ECD28-65BF-408F-A47E-71EAFA9034EA}.Release|x64.ActiveCfg = Release|x64
		{064ECD28-65BF-408F-A47E-71EAFA9034EA}.Release|x64.Build.0 = Release|x64
		{064ECD28-65BF-408F-A47E-71EAFA9034EA}.Release|x86.ActiveCfg = Release|Win32
		{064ECD28-65BF-408F-A47E-71EAFA9034EA}.Release|x86.Build.0 = Release|Win32
		{BABF5022-F2FA-4571-A372-160D587E41B0}.Debug|x64.ActiveCfg = Debug|x64
		{BABF5022-F2FA-4571-A372-160D587E41B0}.Debug|x64.Build.0 = Debug|x64
		{BABF5022-F2FA-4571-A372-160D587E41B0}.Debug|x86.ActiveCfg = Debug|Win32
		{BABF5022-F2FA-4571-A372-160D587E41B0}.Debug|x86.Build.0 = Debug|Win32
		{BABF5022-F2FA-4571-A372-160D587E41B0}.Release|x64.ActiveCfg = Release|x64
		{BABF5022-F2FA-4571-A372-160D587E41B0}.Release|x64.Build.0 = Release|x64
		{BABF5022-F2FA-4571-A372-160D587E41B0}.Release|x86.ActiveCfg = Release|Win32
		{BABF5022-F2FA-4571-A372-160D587E41B0}.Release|x86.Build.0 = Release|Win32
		{B1C2A889-FA1C-4C9C-88DF-B825410006CA}.Debug|x64.ActiveCfg = Debug|x64
		{B1C2A889-FA1C-4C9C-88DF-B825410006CA}.Debug|x64.Build.0 = Debug|x64
		{B1C2A889-FA1C-4C9C-88DF-B825410006CA}.Debug|x86.ActiveCfg = Debug|Win32
		{B1C2A889-FA1C-4C9C-88DF-B825410006CA}.Debug|x86.Build.0 = Debug|Win32
		{B1C2A889-FA1C-4C9C-88DF-B825410006CA}.Release|x64.ActiveCfg = Release|x64
		{B1C2A889-FA1C-4C9C-88DF-B825410006CA}.Release|x64.Build.0 = Release|x64
		{B1C2A889-FA1C-4C9C-88DF-B825410006CA}.Release|x86.ActiveCfg = Release|Win32
		{B1C2A889-FA1C-4C9C-88DF-B825410006CA}.Release|x86.Build.0 = Release|Win32
		{E4CEB380-5234-4951-B6C6-62C7C6256219}.Debug|x64.ActiveCfg = Debug|x64
		{E4CEB380-5234-4951-B6C6-62C7C6256219}.Debug|x64.Build.0 = Debug|x64
		{E4CEB380-5234-4951-B6C6-62C7C6256219}.Debug|x86.ActiveCfg = Debug|Win32
		{E4CEB380-5234-4951-B6C6-62C7C6256219}.Debug|x86.Build.0 = Debug|Win32
		{E4CEB380-5234-4951-B6C6-62C7C6256219}.Release|x64.ActiveCfg = Release|x64
		{E4CEB380-5234-4951-B6C6-62C7C6256219}.Release|x64.Build.0 = Release|x64
		{E4CEB380-5234-4951-B6C6-62C7C6256219}.Release|x86.ActiveCfg = Release|Win32
		{E4CEB380-5234-4951-B6C6-62C7C6256219}.Release|x86.Build.0 = Release|Win32
		{485703B7-372F-4EB2-A4C2-2734D5CBE929}.Debug|x64.ActiveCfg = Debug|x64
		{485703B7-372F-4EB2-A4C2-2734D5CBE929}.Debug|x64.Build.0 = Debug|x64
		{485703B7-372F-4EB2-A4C2-2734D5CBE929}.Debug|x86.ActiveCfg = Debug|Win32
		{485703B7-372F-4EB2-A4C2-2734D5CBE929}.Debug|x86.Build.0 = Debug|Win32
		{485703B7-372F-4EB2-A4C2-2734D5CBE929}.Release|x64.ActiveCfg = Release|x64
		{485703B7-372F-4EB2-A4C2-2734D5CBE929}.Release|x64.Build.0 = Release|x64
		{485703B7-372F-4EB2-A4C2-2734D5CBE929}.Release|x86.ActiveCfg = Release|Win32
		{485703B7-372F-4EB2-A4C2-2734D5CBE929}.Release|x86.Build.0 = Release|Win32
		{E2F70D18-D51E-4E87-9FEC-442EC082261D}.Debug|x64.ActiveCfg = Debug|x64
		{E2F70D18-D51E-4E87-9FEC-442EC082261D}.Debug|x64.Build.0 = Debug|x64
		{E2F70D18-D51E-4E87-9FEC-442EC082261D}.Debug|x86.ActiveCfg = Debug|Win32
		{E2F70D18-D51E-4E87-9FEC-442EC082261D}.Debug|x86.Build.0 = Debug|Win32
		{E2F70D18-D51E-4E87-9FEC-442EC082261D}.Release|x64.ActiveCfg = Release|x64
		{E2F70D18-D51E-4E87-9FEC-442EC082261D}.Release|x64.Build.0 = Release|x64
		{E2F70D18-D51E-4E87-9FEC-442EC082261D}.Release|x86.ActiveCfg = Release|Win32
		{E2F70D18-D51E-4E87-9FEC-442EC082261D}.Release|x86.Build.0 = Release|Win32
		{249B9FA4-D8FF-411F-9399-25581EF281C9}.Debug|x64.ActiveCfg = Debug|x64
		{249B9FA4-D8FF-411F-9399-25581EF281C9}.Debug|x64.Build.0 = Debug|x64
		{249B9FA4-D8FF-411F-9399-25581EF281C9}.Debug|x86.ActiveCfg = Debug|Win32
		{249B9FA4-D8FF-411F-9399-25581EF281C9}.Debug|x86.Build.0 = Debug|Win32
		{249B9FA4-D8FF-411F-9399-25581EF281C9}.Release|x64.ActiveCfg = Release|x64
		{249B9FA4-D8FF-411F-9399-25581EF281C9}.Release|x64.Build.0 = Release|x64
		{249B9FA4-D8FF-411F-9399-25581EF281C9}.Release|x86.ActiveCfg = Release|Win32
		{249B9FA4-D8FF-411F-9399-25581EF281C9}.Release|x86.Build.0 = Release|Win32
		{88CFA01B-9188-4847-A1C7-0FC06B312B93}.Debug|x64.ActiveCfg = Debug|x64
		{88CFA01B-9188-4847-A1C7-0FC06B312B93}.Debug|x64.Build.0 = Debug|x64
		{88CFA01B-9188-4847-A1C7-0FC06B312B93}.Debug|x86.ActiveCfg = Debug|Win32
		{88CFA01B-9188-4847-A1C7-0FC06B312B93}.Debug|x86.Build.0 = Debug|Win32
		{88CFA01B-9188-4847-A1C7-0FC06B312B93}.Release|x64.ActiveCfg = Release|x64
		{88CFA01B-9188-4847-A1C7-0FC06B312B93}.Release|x64.Build.0 = Release|x64
		{88CFA01B-9188-4847-A1C7-0FC06B312B93}.Release|x86.ActiveCfg = Release|Win32
		{88CFA01B-9188-4847-A1C7-0FC06B312B93}.Release|x86.Build.0 = Release|Win32
		{66160D57-FACE-499B-9198-DB4390ED3B41}.Debug|x64.ActiveCfg = Debug|x64
		{66160D57-FACE-499B-9198-DB4390ED3B41}.Debug|x64.Build.0 = Debug|x64
		{66160D57-FACE-499B-9198-DB4390ED3B41}.Debug|x86.ActiveCfg = Debug|Win32
		{66160D57-FACE-499B-9198-DB4390ED3B41}.Debug|x86.Build.0 = Debug|Win32
		{66160D57-FACE-499B-9198-DB4390ED3B41}.Release|x64.ActiveCfg = Release|x64
		{66160D57-FACE-499B-9198-DB4390ED3B41}.Release|x64.Build.0 = Release|x64
		{66160D57-FACE-499B-9198-DB4390ED3B41}.Release|x86.ActiveCfg = Release|Win32
		{66160D57-FACE-499B-9198-DB4390ED3B41}.Release|x86.Build.0 = Release|Win32
		{4495C2E7-E597-4767-B85D-9B12C1C99C9B}.Debug|x64.ActiveCfg = Debug|x64
		{4495C2E7-E597-4767-B85D-9B12C1C99C9B}.Debug|x64.Build.0 = Debug|x64
		{4495C2E7-E597-4767-B85D-9B12C1C99C9B}.Debug|x86.ActiveCfg = Debug|Win32
		{4495C2E7-E597-4767-B85D-9B12C1C99C9B}.Debug|x86.Build.0 = Debug|Win32
		{4495C2E7-E597-4767-B85D-9B12C1C99C9B}.Release|x64.ActiveCfg = Release|x64
		{4495C2E7-E597-4767-B85D-9B12C1C99C9B}.Release|x64.Build.0 = Release|x64
		{4495C2E7-E597-4767-B85D-9B12C1C99C9B}.Release|x86.ActiveCfg = Release|Win32
		{4495C2E7-E597-4767-B85D-9B12C1C99C9B}.Release|x86.Build.0 = Release|Win32
	EndGlobalSection
	GlobalSection(SolutionProperties) = preSolution
		HideSolutionNode = FALSE
	EndGlobalSection
	GlobalSection(NestedProjects) = preSolution
		{E8BF0ED1-0F15-4574-9000-8AEC60171CFC} = {C9B7D3C7-FA86-4A93-9935-6B89815EDD0A}
		{7DCF0C1C-0DD5-4CDF-85DB-0FE11050EA87} = {C9B7D3C7-FA86-4A93-9935-6B89815EDD0A}
		{F28A60AF-F09B-4668-8D78-06610E559664} = {C9B7D3C7-FA86-4A93-9935-6B89815EDD0A}
		{98B855D7-7159-4BA7-8A53-9FEA264DC103} = {C9B7D3C7-FA86-4A93-9935-6B89815EDD0A}
		{C31157CA-3667-46DB-99FC-9865ED4FE1FE} = {C9B7D3C7-FA86-4A93-9935-6B89815EDD0A}
		{DD46F0BE-0F8D-4482-87D9-9783FEB73698} = {42ACC236-3B13-42EC-8636-245BF9700D29}
		{3789E44C-E592-4BD9-873F-9C2A87C0D515} = {42ACC236-3B13-42EC-8636-245BF9700D29}
		{FE380BA3-E4C6-43F4-8C25-A66CE30DF2EB} = {42ACC236-3B13-42EC-8636-245BF9700D29}
		{4CE402F3-CBF9-46D6-A575-0A6C404393A0} = {42ACC236-3B13-42EC-8636-245BF9700D29}
		{D3FA1B5E-6216-4FAE-A84F-FE877493B498} = {789AC7AA-3F95-40EA-8CA6-194FC1185621}
		{3D9E1009-32D5-485E-B832-E244488FD19F} = {789AC7AA-3F95-40EA-8CA6-194FC1185621}
		{152C011C-8DB2-4155-BEC9-ECC715794B22} = {789AC7AA-3F95-40EA-8CA6-194FC1185621}
		{3460EF70-19A0-4853-8519-3B0A23E16476} = {789AC7AA-3F95-40EA-8CA6-194FC1185621}
		{AEE07573-2487-4869-BFCA-BB41F1A87116} = {789AC7AA-3F95-40EA-8CA6-194FC1185621}
		{256DAF61-C282-42EC-B014-B2F47B8ABC99} = {789AC7AA-3F95-40EA-8CA6-194FC1185621}
		{1D7A1C9B-9941-40DC-8FE7-8253395392B0} = {789AC7AA-3F95-40EA-8CA6-194FC1185621}
		{98EEDADA-44DB-4534-AD50-053BC099B7E6} = {789AC7AA-3F95-40EA-8CA6-194FC1185621}
		{8BEE8246-0672-4897-83C8-EF01813C1CDC} = {08FEE082-2ACF-432E-9F48-F4B645F1A3FE}
		{ADEA21CB-951B-4C2E-B397-D497F1B3E366} = {E505B514-AED3-431C-A354-F64E112CB4F9}
		{1E1ECF3F-E55D-4EA5-B7DD-DBB06710A742} = {E505B514-AED3-431C-A354-F64E112CB4F9}
		{7C5D1BC4-967E-4F30-8763-BFD29C8E5BCB} = {E505B514-AED3-431C-A354-F64E112CB4F9}
		{E82F6C51-90B5-4AC3-BECC-775F695BA016} = {83FDC109-9602-4DFE-91DD-22000A505D37}
		{9B8021AD-07B7-4DCE-9D0E-0E25741FF7C9} = {83FDC109-9602-4DFE-91DD-22000A505D37}
		{737B73B1-4AC1-4BFA-9E64-B424FA1DFA31} = {83FDC109-9602-4DFE-91DD-22000A505D37}
		{8A9BEF0D-A02F-4A23-B820-CB8C42B9AA22} = {83FDC109-9602-4DFE-91DD-22000A505D37}
		{C797DAEA-2152-4013-AA99-C808B66DE1DF} = {4655DF63-5D02-43F7-9AAB-42D96AE895B9}
		{3A6269C6-7AD2-4CE3-8990-03BFC56F533A} = {4655DF63-5D02-43F7-9AAB-42D96AE895B9}
		{F67744B6-D1F4-4918-814C-09F258CBFBC2} = {4655DF63-5D02-43F7-9AAB-42D96AE895B9}
		{24758902-801B-4E30-B9C3-705324CD119A} = {4655DF63-5D02-43F7-9AAB-42D96AE895B9}
		{82C7C58C-614A-45FE-B884-E6C890A57D40} = {4655DF63-5D02-43F7-9AAB-42D96AE895B9}
		{1D5A8794-B52B-40DD-8FFB-7036ECF2BA68} = {4655DF63-5D02-43F7-9AAB-42D96AE895B9}
		{E6B096C7-2F12-4A8D-9976-C1630A00A202} = {4655DF63-5D02-43F7-9AAB-42D96AE895B9}
		{E97444C6-257E-46BC-98EC-DEAFA6F316FE} = {4C6F947F-E98A-4ACA-9C1E-1B5AAEC7865B}
		{D8D2B640-E8F7-45D2-B2C5-31971BF368C3} = {7FDECA61-515B-4696-8F40-C1D152A9103C}
		{46033ACF-ABF4-4CE6-B5BC-D3E0A1B644DD} = {4C6F947F-E98A-4ACA-9C1E-1B5AAEC7865B}
		{064ECD28-65BF-408F-A47E-71EAFA9034EA} = {4C6F947F-E98A-4ACA-9C1E-1B5AAEC7865B}
		{BABF5022-F2FA-4571-A372-160D587E41B0} = {24A064C9-D9EF-4443-AAD6-06EFFAC295ED}
		{B1C2A889-FA1C-4C9C-88DF-B825410006CA} = {24A064C9-D9EF-4443-AAD6-06EFFAC295ED}
		{E4CEB380-5234-4951-B6C6-62C7C6256219} = {24A064C9-D9EF-4443-AAD6-06EFFAC295ED}
		{485703B7-372F-4EB2-A4C2-2734D5CBE929} = {24A064C9-D9EF-4443-AAD6-06EFFAC295ED}
		{E2F70D18-D51E-4E87-9FEC-442EC082261D} = {24A064C9-D9EF-4443-AAD6-06EFFAC295ED}
		{249B9FA4-D8FF-411F-9399-25581EF281C9} = {9EA701A0-91EE-421C-B03A-39A93B906E2B}
		{88CFA01B-9188-4847-A1C7-0FC06B312B93} = {9EA701A0-91EE-421C-B03A-39A93B906E2B}
		{66160D57-FACE-499B-9198-DB4390ED3B41} = {9EA701A0-91EE-421C-B03A-39A93B906E2B}
		{4495C2E7-E597-4767-B85D-9B12C1C99C9B} = {9EA701A0-91EE-421C-B03A-39A93B906E2B}
	EndGlobalSection
	GlobalSection(ExtensibilityGlobals) = postSolution
		SolutionGuid = {4621C081-9C5D-4644-B194-189B836CA794}
	EndGlobalSection
EndGlobal
